// !$*UTF8*$!
{
	archiveVersion = 1;
	classes = {
	};
	objectVersion = 46;
	objects = {

/* Begin PBXBuildFile section */
		174360D2174448B7003E6ED9 /* UIKit.framework in Frameworks */ = {isa = PBXBuildFile; fileRef = 174360D1174448B7003E6ED9 /* UIKit.framework */; };
		174360D4174448B7003E6ED9 /* Foundation.framework in Frameworks */ = {isa = PBXBuildFile; fileRef = 174360D3174448B7003E6ED9 /* Foundation.framework */; };
		174360D6174448B7003E6ED9 /* CoreGraphics.framework in Frameworks */ = {isa = PBXBuildFile; fileRef = 174360D5174448B7003E6ED9 /* CoreGraphics.framework */; };
		174360DC174448B7003E6ED9 /* InfoPlist.strings in Resources */ = {isa = PBXBuildFile; fileRef = 174360DA174448B7003E6ED9 /* InfoPlist.strings */; };
		174360DE174448B7003E6ED9 /* main.m in Sources */ = {isa = PBXBuildFile; fileRef = 174360DD174448B7003E6ED9 /* main.m */; };
		174360E2174448B7003E6ED9 /* FYDAppDelegate.m in Sources */ = {isa = PBXBuildFile; fileRef = 174360E1174448B7003E6ED9 /* FYDAppDelegate.m */; };
		174360E4174448B8003E6ED9 /* Default.png in Resources */ = {isa = PBXBuildFile; fileRef = 174360E3174448B8003E6ED9 /* Default.png */; };
		174360E6174448B8003E6ED9 /* Default@2x.png in Resources */ = {isa = PBXBuildFile; fileRef = 174360E5174448B8003E6ED9 /* Default@2x.png */; };
		174360E8174448B8003E6ED9 /* Default-568h@2x.png in Resources */ = {isa = PBXBuildFile; fileRef = 174360E7174448B8003E6ED9 /* Default-568h@2x.png */; };
		174360EB174448B8003E6ED9 /* FYDViewController.m in Sources */ = {isa = PBXBuildFile; fileRef = 174360EA174448B8003E6ED9 /* FYDViewController.m */; };
		174360EE174448B8003E6ED9 /* FYDViewController.xib in Resources */ = {isa = PBXBuildFile; fileRef = 174360EC174448B8003E6ED9 /* FYDViewController.xib */; };
/* End PBXBuildFile section */

/* Begin PBXFileReference section */
		174360CE174448B7003E6ED9 /* flashlight.app */ = {isa = PBXFileReference; explicitFileType = wrapper.application; includeInIndex = 0; path = flashlight.app; sourceTree = BUILT_PRODUCTS_DIR; };
		174360D1174448B7003E6ED9 /* UIKit.framework */ = {isa = PBXFileReference; lastKnownFileType = wrapper.framework; name = UIKit.framework; path = System/Library/Frameworks/UIKit.framework; sourceTree = SDKROOT; };
		174360D3174448B7003E6ED9 /* Foundation.framework */ = {isa = PBXFileReference; lastKnownFileType = wrapper.framework; name = Foundation.framework; path = System/Library/Frameworks/Foundation.framework; sourceTree = SDKROOT; };
		174360D5174448B7003E6ED9 /* CoreGraphics.framework */ = {isa = PBXFileReference; lastKnownFileType = wrapper.framework; name = CoreGraphics.framework; path = System/Library/Frameworks/CoreGraphics.framework; sourceTree = SDKROOT; };
		174360D9174448B7003E6ED9 /* flashlight-Info.plist */ = {isa = PBXFileReference; lastKnownFileType = text.plist.xml; path = "flashlight-Info.plist"; sourceTree = "<group>"; };
		174360DB174448B7003E6ED9 /* en */ = {isa = PBXFileReference; lastKnownFileType = text.plist.strings; name = en; path = en.lproj/InfoPlist.strings; sourceTree = "<group>"; };
		174360DD174448B7003E6ED9 /* main.m */ = {isa = PBXFileReference; lastKnownFileType = sourcecode.c.objc; path = main.m; sourceTree = "<group>"; };
		174360DF174448B7003E6ED9 /* flashlight-Prefix.pch */ = {isa = PBXFileReference; lastKnownFileType = sourcecode.c.h; path = "flashlight-Prefix.pch"; sourceTree = "<group>"; };
		174360E0174448B7003E6ED9 /* FYDAppDelegate.h */ = {isa = PBXFileReference; lastKnownFileType = sourcecode.c.h; path = FYDAppDelegate.h; sourceTree = "<group>"; };
		174360E1174448B7003E6ED9 /* FYDAppDelegate.m */ = {isa = PBXFileReference; lastKnownFileType = sourcecode.c.objc; path = FYDAppDelegate.m; sourceTree = "<group>"; };
		174360E3174448B8003E6ED9 /* Default.png */ = {isa = PBXFileReference; lastKnownFileType = image.png; path = Default.png; sourceTree = "<group>"; };
		174360E5174448B8003E6ED9 /* Default@2x.png */ = {isa = PBXFileReference; lastKnownFileType = image.png; path = "Default@2x.png"; sourceTree = "<group>"; };
		174360E7174448B8003E6ED9 /* Default-568h@2x.png */ = {isa = PBXFileReference; lastKnownFileType = image.png; path = "Default-568h@2x.png"; sourceTree = "<group>"; };
		174360E9174448B8003E6ED9 /* FYDViewController.h */ = {isa = PBXFileReference; lastKnownFileType = sourcecode.c.h; path = FYDViewController.h; sourceTree = "<group>"; };
		174360EA174448B8003E6ED9 /* FYDViewController.m */ = {isa = PBXFileReference; lastKnownFileType = sourcecode.c.objc; path = FYDViewController.m; sourceTree = "<group>"; };
		174360ED174448B8003E6ED9 /* en */ = {isa = PBXFileReference; lastKnownFileType = file.xib; name = en; path = en.lproj/FYDViewController.xib; sourceTree = "<group>"; };
/* End PBXFileReference section */

/* Begin PBXFrameworksBuildPhase section */
		174360CB174448B7003E6ED9 /* Frameworks */ = {
			isa = PBXFrameworksBuildPhase;
			buildActionMask = 2147483647;
			files = (
				174360D2174448B7003E6ED9 /* UIKit.framework in Frameworks */,
				174360D4174448B7003E6ED9 /* Foundation.framework in Frameworks */,
				174360D6174448B7003E6ED9 /* CoreGraphics.framework in Frameworks */,
			);
			runOnlyForDeploymentPostprocessing = 0;
		};
/* End PBXFrameworksBuildPhase section */

/* Begin PBXGroup section */
		174360C5174448B7003E6ED9 = {
			isa = PBXGroup;
			children = (
				174360D7174448B7003E6ED9 /* flashlight */,
				174360D0174448B7003E6ED9 /* Frameworks */,
				174360CF174448B7003E6ED9 /* Products */,
			);
			sourceTree = "<group>";
		};
		174360CF174448B7003E6ED9 /* Products */ = {
			isa = PBXGroup;
			children = (
				174360CE174448B7003E6ED9 /* flashlight.app */,
			);
			name = Products;
			sourceTree = "<group>";
		};
		174360D0174448B7003E6ED9 /* Frameworks */ = {
			isa = PBXGroup;
			children = (
				174360D1174448B7003E6ED9 /* UIKit.framework */,
				174360D3174448B7003E6ED9 /* Foundation.framework */,
				174360D5174448B7003E6ED9 /* CoreGraphics.framework */,
			);
			name = Frameworks;
			sourceTree = "<group>";
		};
		174360D7174448B7003E6ED9 /* flashlight */ = {
			isa = PBXGroup;
			children = (
				174360E0174448B7003E6ED9 /* FYDAppDelegate.h */,
				174360E1174448B7003E6ED9 /* FYDAppDelegate.m */,
				174360E9174448B8003E6ED9 /* FYDViewController.h */,
				174360EA174448B8003E6ED9 /* FYDViewController.m */,
				174360EC174448B8003E6ED9 /* FYDViewController.xib */,
				174360D8174448B7003E6ED9 /* Supporting Files */,
			);
			path = flashlight;
			sourceTree = "<group>";
		};
		174360D8174448B7003E6ED9 /* Supporting Files */ = {
			isa = PBXGroup;
			children = (
				174360D9174448B7003E6ED9 /* flashlight-Info.plist */,
				174360DA174448B7003E6ED9 /* InfoPlist.strings */,
				174360DD174448B7003E6ED9 /* main.m */,
				174360DF174448B7003E6ED9 /* flashlight-Prefix.pch */,
				174360E3174448B8003E6ED9 /* Default.png */,
				174360E5174448B8003E6ED9 /* Default@2x.png */,
				174360E7174448B8003E6ED9 /* Default-568h@2x.png */,
			);
			name = "Supporting Files";
			sourceTree = "<group>";
		};
/* End PBXGroup section */

/* Begin PBXNativeTarget section */
		174360CD174448B7003E6ED9 /* flashlight */ = {
			isa = PBXNativeTarget;
			buildConfigurationList = 174360F1174448B8003E6ED9 /* Build configuration list for PBXNativeTarget "flashlight" */;
			buildPhases = (
				174360CA174448B7003E6ED9 /* Sources */,
				174360CB174448B7003E6ED9 /* Frameworks */,
				174360CC174448B7003E6ED9 /* Resources */,
			);
			buildRules = (
			);
			dependencies = (
			);
			name = flashlight;
			productName = flashlight;
			productReference = 174360CE174448B7003E6ED9 /* flashlight.app */;
			productType = "com.apple.product-type.application";
		};
/* End PBXNativeTarget section */

/* Begin PBXProject section */
		174360C6174448B7003E6ED9 /* Project object */ = {
			isa = PBXProject;
			attributes = {
				CLASSPREFIX = FYD;
				LastUpgradeCheck = 0460;
				ORGANIZATIONNAME = "Floyd UG (haftungsbeschränkt)";
			};
			buildConfigurationList = 174360C9174448B7003E6ED9 /* Build configuration list for PBXProject "flashlight" */;
			compatibilityVersion = "Xcode 3.2";
			developmentRegion = English;
			hasScannedForEncodings = 0;
			knownRegions = (
				en,
			);
			mainGroup = 174360C5174448B7003E6ED9;
			productRefGroup = 174360CF174448B7003E6ED9 /* Products */;
			projectDirPath = "";
			projectRoot = "";
			targets = (
				174360CD174448B7003E6ED9 /* flashlight */,
			);
		};
/* End PBXProject section */

/* Begin PBXResourcesBuildPhase section */
		174360CC174448B7003E6ED9 /* Resources */ = {
			isa = PBXResourcesBuildPhase;
			buildActionMask = 2147483647;
			files = (
				174360DC174448B7003E6ED9 /* InfoPlist.strings in Resources */,
				174360E4174448B8003E6ED9 /* Default.png in Resources */,
				174360E6174448B8003E6ED9 /* Default@2x.png in Resources */,
				174360E8174448B8003E6ED9 /* Default-568h@2x.png in Resources */,
				174360EE174448B8003E6ED9 /* FYDViewController.xib in Resources */,
			);
			runOnlyForDeploymentPostprocessing = 0;
		};
/* End PBXResourcesBuildPhase section */

/* Begin PBXSourcesBuildPhase section */
		174360CA174448B7003E6ED9 /* Sources */ = {
			isa = PBXSourcesBuildPhase;
			buildActionMask = 2147483647;
			files = (
				174360DE174448B7003E6ED9 /* main.m in Sources */,
				174360E2174448B7003E6ED9 /* FYDAppDelegate.m in Sources */,
				174360EB174448B8003E6ED9 /* FYDViewController.m in Sources */,
			);
			runOnlyForDeploymentPostprocessing = 0;
		};
/* End PBXSourcesBuildPhase section */

/* Begin PBXVariantGroup section */
		174360DA174448B7003E6ED9 /* InfoPlist.strings */ = {
			isa = PBXVariantGroup;
			children = (
				174360DB174448B7003E6ED9 /* en */,
			);
			name = InfoPlist.strings;
			sourceTree = "<group>";
		};
		174360EC174448B8003E6ED9 /* FYDViewController.xib */ = {
			isa = PBXVariantGroup;
			children = (
				174360ED174448B8003E6ED9 /* en */,
			);
			name = FYDViewController.xib;
			sourceTree = "<group>";
		};
/* End PBXVariantGroup section */

/* Begin XCBuildConfiguration section */
		174360EF174448B8003E6ED9 /* Debug */ = {
			isa = XCBuildConfiguration;
			buildSettings = {
				ALWAYS_SEARCH_USER_PATHS = NO;
				CLANG_CXX_LANGUAGE_STANDARD = "gnu++0x";
				CLANG_CXX_LIBRARY = "libc++";
				CLANG_ENABLE_OBJC_ARC = YES;
				CLANG_WARN_CONSTANT_CONVERSION = YES;
				CLANG_WARN_EMPTY_BODY = YES;
				CLANG_WARN_ENUM_CONVERSION = YES;
				CLANG_WARN_INT_CONVERSION = YES;
				CLANG_WARN__DUPLICATE_METHOD_MATCH = YES;
				"CODE_SIGN_IDENTITY[sdk=iphoneos*]" = "iPhone Developer";
				COPY_PHASE_STRIP = NO;
				GCC_C_LANGUAGE_STANDARD = gnu99;
				GCC_DYNAMIC_NO_PIC = NO;
				GCC_OPTIMIZATION_LEVEL = 0;
				GCC_PREPROCESSOR_DEFINITIONS = (
					"DEBUG=1",
					"$(inherited)",
				);
				GCC_SYMBOLS_PRIVATE_EXTERN = NO;
				GCC_WARN_ABOUT_RETURN_TYPE = YES;
				GCC_WARN_UNINITIALIZED_AUTOS = YES;
				GCC_WARN_UNUSED_VARIABLE = YES;
				IPHONEOS_DEPLOYMENT_TARGET = 6.1;
				ONLY_ACTIVE_ARCH = YES;
				SDKROOT = iphoneos;
			};
			name = Debug;
		};
		174360F0174448B8003E6ED9 /* Release */ = {
			isa = XCBuildConfiguration;
			buildSettings = {
				ALWAYS_SEARCH_USER_PATHS = NO;
				CLANG_CXX_LANGUAGE_STANDARD = "gnu++0x";
				CLANG_CXX_LIBRARY = "libc++";
				CLANG_ENABLE_OBJC_ARC = YES;
				CLANG_WARN_CONSTANT_CONVERSION = YES;
				CLANG_WARN_EMPTY_BODY = YES;
				CLANG_WARN_ENUM_CONVERSION = YES;
				CLANG_WARN_INT_CONVERSION = YES;
				CLANG_WARN__DUPLICATE_METHOD_MATCH = YES;
				"CODE_SIGN_IDENTITY[sdk=iphoneos*]" = "iPhone Developer";
				COPY_PHASE_STRIP = YES;
				GCC_C_LANGUAGE_STANDARD = gnu99;
				GCC_WARN_ABOUT_RETURN_TYPE = YES;
				GCC_WARN_UNINITIALIZED_AUTOS = YES;
				GCC_WARN_UNUSED_VARIABLE = YES;
				IPHONEOS_DEPLOYMENT_TARGET = 6.1;
				OTHER_CFLAGS = "-DNS_BLOCK_ASSERTIONS=1";
				SDKROOT = iphoneos;
				VALIDATE_PRODUCT = YES;
			};
			name = Release;
		};
		174360F2174448B8003E6ED9 /* Debug */ = {
			isa = XCBuildConfiguration;
			buildSettings = {
				GCC_PRECOMPILE_PREFIX_HEADER = YES;
				GCC_PREFIX_HEADER = "flashlight/flashlight-Prefix.pch";
				INFOPLIST_FILE = "flashlight/flashlight-Info.plist";
				PRODUCT_NAME = "$(TARGET_NAME)";
				WRAPPER_EXTENSION = app;
			};
			name = Debug;
		};
		174360F3174448B8003E6ED9 /* Release */ = {
			isa = XCBuildConfiguration;
			buildSettings = {
				GCC_PRECOMPILE_PREFIX_HEADER = YES;
				GCC_PREFIX_HEADER = "flashlight/flashlight-Prefix.pch";
				INFOPLIST_FILE = "flashlight/flashlight-Info.plist";
				PRODUCT_NAME = "$(TARGET_NAME)";
				WRAPPER_EXTENSION = app;
			};
			name = Release;
		};
/* End XCBuildConfiguration section */

/* Begin XCConfigurationList section */
		174360C9174448B7003E6ED9 /* Build configuration list for PBXProject "flashlight" */ = {
			isa = XCConfigurationList;
			buildConfigurations = (
				174360EF174448B8003E6ED9 /* Debug */,
				174360F0174448B8003E6ED9 /* Release */,
			);
			defaultConfigurationIsVisible = 0;
			defaultConfigurationName = Release;
		};
		174360F1174448B8003E6ED9 /* Build configuration list for PBXNativeTarget "flashlight" */ = {
			isa = XCConfigurationList;
			buildConfigurations = (
				174360F2174448B8003E6ED9 /* Debug */,
				174360F3174448B8003E6ED9 /* Release */,
			);
			defaultConfigurationIsVisible = 0;
		};
/* End XCConfigurationList section */
	};
	rootObject = 174360C6174448B7003E6ED9 /* Project object */;
}
